
Microsoft Visual Studio Solution File, Format Version 12.00
# Visual Studio Version 17
VisualStudioVersion = 17.9.34607.119
MinimumVisualStudioVersion = 10.0.40219.1
Project("{FAE04EC0-301F-11D3-BF4B-00C04F79EFBC}") = "PR10", "PR10\PR10.csproj", "{048C4294-5933-45E1-9322-30888A310D8E}"
EndProject
Project("{FAE04EC0-301F-11D3-BF4B-00C04F79EFBC}") = "Library1", "Library1\Library1.csproj", "{4F7161B0-DEFA-4D5E-96C3-A12A181D2D26}"
EndProject
Global
	GlobalSection(SolutionConfigurationPlatforms) = preSolution
		Debug|Any CPU = Debug|Any CPU
		Release|Any CPU = Release|Any CPU
	EndGlobalSection
	GlobalSection(ProjectConfigurationPlatforms) = postSolution
		{048C4294-5933-45E1-9322-30888A310D8E}.Debug|Any CPU.ActiveCfg = Debug|Any CPU
		{048C4294-5933-45E1-9322-30888A310D8E}.Debug|Any CPU.Build.0 = Debug|Any CPU
		{048C4294-5933-45E1-9322-30888A310D8E}.Release|Any CPU.ActiveCfg = Release|Any CPU
		{048C4294-5933-45E1-9322-30888A310D8E}.Release|Any CPU.Build.0 = Release|Any CPU
		{4F7161B0-DEFA-4D5E-96C3-A12A181D2D26}.Debug|Any CPU.ActiveCfg = Debug|Any CPU
		{4F7161B0-DEFA-4D5E-96C3-A12A181D2D26}.Debug|Any CPU.Build.0 = Debug|Any CPU
		{4F7161B0-DEFA-4D5E-96C3-A12A181D2D26}.Release|Any CPU.ActiveCfg = Release|Any CPU
		{4F7161B0-DEFA-4D5E-96C3-A12A181D2D26}.Release|Any CPU.Build.0 = Release|Any CPU
	EndGlobalSection
	GlobalSection(SolutionProperties) = preSolution
		HideSolutionNode = FALSE
	EndGlobalSection
	GlobalSection(ExtensibilityGlobals) = postSolution
		SolutionGuid = {785D48A6-88F1-4CC5-B004-631C6271E4C6}
	EndGlobalSection
EndGlobal
